Microsoft Visual Studio Solution File, Format Version 12.00
# Visual Studio Version 17
VisualStudioVersion = 17.5.2.0
MinimumVisualStudioVersion = 10.0.40219.1
Project("{FAE04EC0-301F-11D3-BF4B-00C04F79EFBC}") = "IntegrationEventLogEF", "IntegrationEventLogEF\IntegrationEventLogEF.csproj", "{D96B9E7B-5DAC-EACD-EAC5-16BE30A5C0DC}"
EndProject
Global
	GlobalSection(SolutionConfigurationPlatforms) = preSolution
		Debug|Any CPU = Debug|Any CPU
		Release|Any CPU = Release|Any CPU
	EndGlobalSection
	GlobalSection(ProjectConfigurationPlatforms) = postSolution
		{D96B9E7B-5DAC-EACD-EAC5-16BE30A5C0DC}.Debug|Any CPU.ActiveCfg = Debug|Any CPU
		{D96B9E7B-5DAC-EACD-EAC5-16BE30A5C0DC}.Debug|Any CPU.Build.0 = Debug|Any CPU
		{D96B9E7B-5DAC-EACD-EAC5-16BE30A5C0DC}.Release|Any CPU.ActiveCfg = Release|Any CPU
		{D96B9E7B-5DAC-EACD-EAC5-16BE30A5C0DC}.Release|Any CPU.Build.0 = Release|Any CPU
	EndGlobalSection
	GlobalSection(SolutionProperties) = preSolution
		HideSolutionNode = FALSE
	EndGlobalSection
	GlobalSection(ExtensibilityGlobals) = postSolution
		SolutionGuid = {F77EBF78-5320-4A46-9613-872753F806B8}
	EndGlobalSection
EndGlobal
