{
  "version": 4,
  "terraform_version": "1.15.7",
  "serial": 80,
  "lineage": "17b8cdc4-b5ec-b626-7f43-9cb06bd917a2",
  "outputs": {
    "ecr_repository_urls": {
      "value": {
        "basket_api": "968138089668.dkr.ecr.us-east-1.amazonaws.com/eshop-basket-api",
        "catalog_api": "968138089668.dkr.ecr.us-east-1.amazonaws.com/eshop-catalog-api",
        "identity_api": "968138089668.dkr.ecr.us-east-1.amazonaws.com/eshop-identity-api",
        "order_processor": "968138089668.dkr.ecr.us-east-1.amazonaws.com/eshop-order-processor",
        "ordering_api": "968138089668.dkr.ecr.us-east-1.amazonaws.com/eshop-ordering-api",
        "payment_processor": "968138089668.dkr.ecr.us-east-1.amazonaws.com/eshop-payment-processor",
        "webapp": "968138089668.dkr.ecr.us-east-1.amazonaws.com/eshop-webapp"
      },
      "type": [
        "object",
        {
          "basket_api": "string",
          "catalog_api": "string",
          "identity_api": "string",
          "order_processor": "string",
          "ordering_api": "string",
          "payment_processor": "string",
          "webapp": "string"
        }
      ]
    },
    "efs_file_system_id": {
      "value": "fs-0f386532da7d394b5",
      "type": "string"
    },
    "eks_cluster_endpoint": {
      "value": "https://50379BADC94A520656E8469934BECD9D.yl4.us-east-1.eks.amazonaws.com",
      "type": "string"
    },
    "eks_cluster_name": {
      "value": "eshop-eks",
      "type": "string"
    },
    "eks_cluster_security_group_id": {
      "value": "sg-04d2ee1d99dc8ba14",
      "type": "string"
    },
    "eks_node_security_group_id": {
      "value": "sg-0249b4b6c6f7a94ab",
      "type": "string"
    },
    "postgres_endpoint": {
      "value": "eshop-postgres.cczick80udvj.us-east-1.rds.amazonaws.com",
      "type": "string"
    },
    "postgres_secret_arn": {
      "value": "arn:aws:secretsmanager:us-east-1:968138089668:secret:eshop/postgres-Gisz6f",
      "type": "string"
    },
    "private_subnet_ids": {
      "value": [
        "subnet-04d03cdc4f43511a8",
        "subnet-059d6bcfdd7127444"
      ],
      "type": [
        "tuple",
        [
          "string",
          "string"
        ]
      ]
    },
    "public_subnet_ids": {
      "value": [
        "subnet-0018a08fc54e138b2",
        "subnet-01c6a58c86ec1179a"
      ],
      "type": [
        "tuple",
        [
          "string",
          "string"
        ]
      ]
    },
    "redis_endpoint": {
      "value": "eshop-redis.xjzr5c.0001.use1.cache.amazonaws.com",
      "type": "string"
    },
    "vpc_id": {
      "value": "vpc-0b70c4390c2ddbc09",
      "type": "string"
    },
    "webapp_http_note": {
      "value": "Expose the WebApp on HTTP through the EKS NodePort service at port 30080 using any worker node public IP.",
      "type": "string"
    }
  },
  "resources": [
    {
      "mode": "data",
      "type": "aws_availability_zones",
      "name": "available",
      "provider": "provider[\"registry.terraform.io/hashicorp/aws\"]",
      "instances": [
        {
          "schema_version": 0,
          "attributes": {
            "all_availability_zones": null,
            "exclude_names": null,
            "exclude_zone_ids": null,
            "filter": null,
            "group_names": [
              "us-east-1-zg-1"
            ],
            "id": "us-east-1",
            "names": [
              "us-east-1a",
              "us-east-1b",
              "us-east-1c",
              "us-east-1d",
              "us-east-1e",
              "us-east-1f"
            ],
            "state": "available",
            "timeouts": null,
            "zone_ids": [
              "use1-az1",
              "use1-az2",
              "use1-az4",
              "use1-az6",
              "use1-az3",
              "use1-az5"
            ]
          },
          "sensitive_attributes": [],
          "identity_schema_version": 0
        }
      ]
    },
    {
      "mode": "managed",
      "type": "aws_cloudwatch_log_group",
      "name": "eks_cluster",
      "provider": "provider[\"registry.terraform.io/hashicorp/aws\"]",
      "instances": [
        {
          "schema_version": 0,
          "attributes": {
            "arn": "arn:aws:logs:us-east-1:968138089668:log-group:/aws/eks/eshop/cluster",
            "id": "/aws/eks/eshop/cluster",
            "kms_key_id": "",
            "log_group_class": "STANDARD",
            "name": "/aws/eks/eshop/cluster",
            "name_prefix": "",
            "retention_in_days": 14,
            "skip_destroy": false,
            "tags": {},
            "tags_all": {
              "ManagedBy": "terraform",
              "Project": "eshop"
            }
          },
          "sensitive_attributes": [],
          "identity_schema_version": 0,
          "private": "bnVsbA=="
        }
      ]
    },
    {
      "mode": "managed",
      "type": "aws_db_instance",
      "name": "postgres",
      "provider": "provider[\"registry.terraform.io/hashicorp/aws\"]",
      "instances": [
        {
          "schema_version": 2,
          "attributes": {
            "address": "eshop-postgres.cczick80udvj.us-east-1.rds.amazonaws.com",
            "allocated_storage": 30,
            "allow_major_version_upgrade": null,
            "apply_immediately": true,
            "arn": "arn:aws:rds:us-east-1:968138089668:db:eshop-postgres",
            "auto_minor_version_upgrade": true,
            "availability_zone": "us-east-1b",
            "backup_retention_period": 7,
            "backup_target": "region",
            "backup_window": "05:20-05:50",
            "blue_green_update": [],
            "ca_cert_identifier": "rds-ca-rsa2048-g1",
            "character_set_name": "",
            "copy_tags_to_snapshot": false,
            "custom_iam_instance_profile": "",
            "customer_owned_ip_enabled": false,
            "database_insights_mode": "standard",
            "db_name": "postgres",
            "db_subnet_group_name": "eshop-postgres",
            "dedicated_log_volume": false,
            "delete_automated_backups": true,
            "deletion_protection": false,
            "domain": "",
            "domain_auth_secret_arn": "",
            "domain_dns_ips": [],
            "domain_fqdn": "",
            "domain_iam_role_name": "",
            "domain_ou": "",
            "enabled_cloudwatch_logs_exports": [
              "postgresql"
            ],
            "endpoint": "eshop-postgres.cczick80udvj.us-east-1.rds.amazonaws.com:5432",
            "engine": "postgres",
            "engine_lifecycle_support": "open-source-rds-extended-support",
            "engine_version": "16.3",
            "engine_version_actual": "16.3",
            "final_snapshot_identifier": null,
            "hosted_zone_id": "Z2R2ITUGPM61AM",
            "iam_database_authentication_enabled": false,
            "id": "db-GRNJ7LVP5MUMVN3VAQVLVHEYLQ",
            "identifier": "eshop-postgres",
            "identifier_prefix": "",
            "instance_class": "db.t3.medium",
            "iops": 0,
            "kms_key_id": "arn:aws:kms:us-east-1:968138089668:key/d96e2d64-e4ff-4b87-bd7e-7f1fa796f583",
            "latest_restorable_time": "2026-07-09T13:57:35Z",
            "license_model": "postgresql-license",
            "listener_endpoint": [],
            "maintenance_window": "fri:09:09-fri:09:39",
            "manage_master_user_password": null,
            "master_user_secret": [],
            "master_user_secret_kms_key_id": null,
            "max_allocated_storage": 0,
            "monitoring_interval": 0,
            "monitoring_role_arn": "",
            "multi_az": false,
            "nchar_character_set_name": "",
            "network_type": "IPV4",
            "option_group_name": "default:postgres-16",
            "parameter_group_name": "default.postgres16",
            "password": "gg\u0026kAm=DZFMpawEvan52S=Dd",
            "password_wo": null,
            "password_wo_version": null,
            "performance_insights_enabled": false,
            "performance_insights_kms_key_id": "",
            "performance_insights_retention_period": 0,
            "port": 5432,
            "publicly_accessible": false,
            "replica_mode": "",
            "replicas": [],
            "replicate_source_db": "",
            "resource_id": "db-GRNJ7LVP5MUMVN3VAQVLVHEYLQ",
            "restore_to_point_in_time": [],
            "s3_import": [],
            "skip_final_snapshot": true,
            "snapshot_identifier": null,
            "status": "available",
            "storage_encrypted": true,
            "storage_throughput": 0,
            "storage_type": "gp2",
            "tags": {
              "Name": "eshop-postgres"
            },
            "tags_all": {
              "ManagedBy": "terraform",
              "Name": "eshop-postgres",
              "Project": "eshop"
            },
            "timeouts": null,
            "timezone": "",
            "upgrade_storage_config": null,
            "username": "eshopadmin",
            "vpc_security_group_ids": [
              "sg-0d630e39763e5aad3"
            ]
          },
          "sensitive_attributes": [
            [
              {
                "type": "get_attr",
                "value": "password"
              }
            ],
            [
              {
                "type": "get_attr",
                "value": "password_wo"
              }
            ]
          ],
          "identity_schema_version": 0,
          "private": "eyJlMmJmYjczMC1lY2FhLTExZTYtOGY4OC0zNDM2M2JjN2M0YzAiOnsiY3JlYXRlIjozMDAwMDAwMDAwMDAwLCJkZWxldGUiOjM2MDAwMDAwMDAwMDAsInVwZGF0ZSI6NDgwMDAwMDAwMDAwMH0sInNjaGVtYV92ZXJzaW9uIjoiMiJ9",
          "dependencies": [
            "aws_db_subnet_group.postgres",
            "aws_security_group.eks_nodes",
            "aws_security_group.postgres",
            "aws_subnet.private",
            "aws_vpc.this",
            "data.aws_availability_zones.available",
            "random_password.postgres"
          ]
        }
      ]
    },
    {
      "mode": "managed",
      "type": "aws_db_subnet_group",
      "name": "postgres",
      "provider": "provider[\"registry.terraform.io/hashicorp/aws\"]",
      "instances": [
        {
          "schema_version": 0,
          "attributes": {
            "arn": "arn:aws:rds:us-east-1:968138089668:subgrp:eshop-postgres",
            "description": "Managed by Terraform",
            "id": "eshop-postgres",
            "name": "eshop-postgres",
            "name_prefix": "",
            "subnet_ids": [
              "subnet-04d03cdc4f43511a8",
              "subnet-059d6bcfdd7127444"
            ],
            "supported_network_types": [
              "IPV4"
            ],
            "tags": {
              "Name": "eshop-postgres-subnets"
            },
            "tags_all": {
              "ManagedBy": "terraform",
              "Name": "eshop-postgres-subnets",
              "Project": "eshop"
            },
            "vpc_id": "vpc-0b70c4390c2ddbc09"
          },
          "sensitive_attributes": [],
          "identity_schema_version": 0,
          "private": "bnVsbA==",
          "dependencies": [
            "aws_subnet.private",
            "aws_vpc.this",
            "data.aws_availability_zones.available"
          ]
        }
      ]
    },
    {
      "mode": "managed",
      "type": "aws_ecr_lifecycle_policy",
      "name": "services",
      "provider": "provider[\"registry.terraform.io/hashicorp/aws\"]",
      "instances": [
        {
          "index_key": "basket_api",
          "schema_version": 0,
          "attributes": {
            "id": "eshop-basket-api",
            "policy": "{\"rules\":[{\"action\":{\"type\":\"expire\"},\"description\":\"Keep the last 25 images\",\"rulePriority\":1,\"selection\":{\"countNumber\":25,\"countType\":\"imageCountMoreThan\",\"tagStatus\":\"any\"}}]}",
            "registry_id": "968138089668",
            "repository": "eshop-basket-api"
          },
          "sensitive_attributes": [],
          "identity_schema_version": 0,
          "private": "bnVsbA==",
          "dependencies": [
            "aws_ecr_repository.services"
          ]
        },
        {
          "index_key": "catalog_api",
          "schema_version": 0,
          "attributes": {
            "id": "eshop-catalog-api",
            "policy": "{\"rules\":[{\"action\":{\"type\":\"expire\"},\"description\":\"Keep the last 25 images\",\"rulePriority\":1,\"selection\":{\"countNumber\":25,\"countType\":\"imageCountMoreThan\",\"tagStatus\":\"any\"}}]}",
            "registry_id": "968138089668",
            "repository": "eshop-catalog-api"
          },
          "sensitive_attributes": [],
          "identity_schema_version": 0,
          "private": "bnVsbA==",
          "dependencies": [
            "aws_ecr_repository.services"
          ]
        },
        {
          "index_key": "identity_api",
          "schema_version": 0,
          "attributes": {
            "id": "eshop-identity-api",
            "policy": "{\"rules\":[{\"action\":{\"type\":\"expire\"},\"description\":\"Keep the last 25 images\",\"rulePriority\":1,\"selection\":{\"countNumber\":25,\"countType\":\"imageCountMoreThan\",\"tagStatus\":\"any\"}}]}",
            "registry_id": "968138089668",
            "repository": "eshop-identity-api"
          },
          "sensitive_attributes": [],
          "identity_schema_version": 0,
          "private": "bnVsbA==",
          "dependencies": [
            "aws_ecr_repository.services"
          ]
        },
        {
          "index_key": "order_processor",
          "schema_version": 0,
          "attributes": {
            "id": "eshop-order-processor",
            "policy": "{\"rules\":[{\"action\":{\"type\":\"expire\"},\"description\":\"Keep the last 25 images\",\"rulePriority\":1,\"selection\":{\"countNumber\":25,\"countType\":\"imageCountMoreThan\",\"tagStatus\":\"any\"}}]}",
            "registry_id": "968138089668",
            "repository": "eshop-order-processor"
          },
          "sensitive_attributes": [],
          "identity_schema_version": 0,
          "private": "bnVsbA==",
          "dependencies": [
            "aws_ecr_repository.services"
          ]
        },
        {
          "index_key": "ordering_api",
          "schema_version": 0,
          "attributes": {
            "id": "eshop-ordering-api",
            "policy": "{\"rules\":[{\"action\":{\"type\":\"expire\"},\"description\":\"Keep the last 25 images\",\"rulePriority\":1,\"selection\":{\"countNumber\":25,\"countType\":\"imageCountMoreThan\",\"tagStatus\":\"any\"}}]}",
            "registry_id": "968138089668",
            "repository": "eshop-ordering-api"
          },
          "sensitive_attributes": [],
          "identity_schema_version": 0,
          "private": "bnVsbA==",
          "dependencies": [
            "aws_ecr_repository.services"
          ]
        },
        {
          "index_key": "payment_processor",
          "schema_version": 0,
          "attributes": {
            "id": "eshop-payment-processor",
            "policy": "{\"rules\":[{\"action\":{\"type\":\"expire\"},\"description\":\"Keep the last 25 images\",\"rulePriority\":1,\"selection\":{\"countNumber\":25,\"countType\":\"imageCountMoreThan\",\"tagStatus\":\"any\"}}]}",
            "registry_id": "968138089668",
            "repository": "eshop-payment-processor"
          },
          "sensitive_attributes": [],
          "identity_schema_version": 0,
          "private": "bnVsbA==",
          "dependencies": [
            "aws_ecr_repository.services"
          ]
        },
        {
          "index_key": "webapp",
          "schema_version": 0,
          "attributes": {
            "id": "eshop-webapp",
            "policy": "{\"rules\":[{\"action\":{\"type\":\"expire\"},\"description\":\"Keep the last 25 images\",\"rulePriority\":1,\"selection\":{\"countNumber\":25,\"countType\":\"imageCountMoreThan\",\"tagStatus\":\"any\"}}]}",
            "registry_id": "968138089668",
            "repository": "eshop-webapp"
          },
          "sensitive_attributes": [],
          "identity_schema_version": 0,
          "private": "bnVsbA==",
          "dependencies": [
            "aws_ecr_repository.services"
          ]
        }
      ]
    },
    {
      "mode": "managed",
      "type": "aws_ecr_repository",
      "name": "services",
      "provider": "provider[\"registry.terraform.io/hashicorp/aws\"]",
      "instances": [
        {
          "index_key": "basket_api",
          "schema_version": 0,
          "attributes": {
            "arn": "arn:aws:ecr:us-east-1:968138089668:repository/eshop-basket-api",
            "encryption_configuration": [
              {
                "encryption_type": "AES256",
                "kms_key": ""
              }
            ],
            "force_delete": true,
            "id": "eshop-basket-api",
            "image_scanning_configuration": [
              {
                "scan_on_push": true
              }
            ],
            "image_tag_mutability": "IMMUTABLE",
            "name": "eshop-basket-api",
            "registry_id": "968138089668",
            "repository_url": "968138089668.dkr.ecr.us-east-1.amazonaws.com/eshop-basket-api",
            "tags": {},
            "tags_all": {
              "ManagedBy": "terraform",
              "Project": "eshop"
            },
            "timeouts": null
          },
          "sensitive_attributes": [],
          "identity_schema_version": 0,
          "private": "eyJlMmJmYjczMC1lY2FhLTExZTYtOGY4OC0zNDM2M2JjN2M0YzAiOnsiZGVsZXRlIjoxMjAwMDAwMDAwMDAwfX0="
        },
        {
          "index_key": "catalog_api",
          "schema_version": 0,
          "attributes": {
            "arn": "arn:aws:ecr:us-east-1:968138089668:repository/eshop-catalog-api",
            "encryption_configuration": [
              {
                "encryption_type": "AES256",
                "kms_key": ""
              }
            ],
            "force_delete": true,
            "id": "eshop-catalog-api",
            "image_scanning_configuration": [
              {
                "scan_on_push": true
              }
            ],
            "image_tag_mutability": "IMMUTABLE",
            "name": "eshop-catalog-api",
            "registry_id": "968138089668",
            "repository_url": "968138089668.dkr.ecr.us-east-1.amazonaws.com/eshop-catalog-api",
            "tags": {},
            "tags_all": {
              "ManagedBy": "terraform",
              "Project": "eshop"
            },
            "timeouts": null
          },
          "sensitive_attributes": [],
          "identity_schema_version": 0,
          "private": "eyJlMmJmYjczMC1lY2FhLTExZTYtOGY4OC0zNDM2M2JjN2M0YzAiOnsiZGVsZXRlIjoxMjAwMDAwMDAwMDAwfX0="
        },
        {
          "index_key": "identity_api",
          "schema_version": 0,
          "attributes": {
            "arn": "arn:aws:ecr:us-east-1:968138089668:repository/eshop-identity-api",
            "encryption_configuration": [
              {
                "encryption_type": "AES256",
                "kms_key": ""
              }
            ],
            "force_delete": true,
            "id": "eshop-identity-api",
            "image_scanning_configuration": [
              {
                "scan_on_push": true
              }
            ],
            "image_tag_mutability": "IMMUTABLE",
            "name": "eshop-identity-api",
            "registry_id": "968138089668",
            "repository_url": "968138089668.dkr.ecr.us-east-1.amazonaws.com/eshop-identity-api",
            "tags": {},
            "tags_all": {
              "ManagedBy": "terraform",
              "Project": "eshop"
            },
            "timeouts": null
          },
          "sensitive_attributes": [],
          "identity_schema_version": 0,
          "private": "eyJlMmJmYjczMC1lY2FhLTExZTYtOGY4OC0zNDM2M2JjN2M0YzAiOnsiZGVsZXRlIjoxMjAwMDAwMDAwMDAwfX0="
        },
        {
          "index_key": "order_processor",
          "schema_version": 0,
          "attributes": {
            "arn": "arn:aws:ecr:us-east-1:968138089668:repository/eshop-order-processor",
            "encryption_configuration": [
              {
                "encryption_type": "AES256",
                "kms_key": ""
              }
            ],
            "force_delete": true,
            "id": "eshop-order-processor",
            "image_scanning_configuration": [
              {
                "scan_on_push": true
              }
            ],
            "image_tag_mutability": "IMMUTABLE",
            "name": "eshop-order-processor",
            "registry_id": "968138089668",
            "repository_url": "968138089668.dkr.ecr.us-east-1.amazonaws.com/eshop-order-processor",
            "tags": {},
            "tags_all": {
              "ManagedBy": "terraform",
              "Project": "eshop"
            },
            "timeouts": null
          },
          "sensitive_attributes": [],
          "identity_schema_version": 0,
          "private": "eyJlMmJmYjczMC1lY2FhLTExZTYtOGY4OC0zNDM2M2JjN2M0YzAiOnsiZGVsZXRlIjoxMjAwMDAwMDAwMDAwfX0="
        },
        {
          "index_key": "ordering_api",
          "schema_version": 0,
          "attributes": {
            "arn": "arn:aws:ecr:us-east-1:968138089668:repository/eshop-ordering-api",
            "encryption_configuration": [
              {
                "encryption_type": "AES256",
                "kms_key": ""
              }
            ],
            "force_delete": true,
            "id": "eshop-ordering-api",
            "image_scanning_configuration": [
              {
                "scan_on_push": true
              }
            ],
            "image_tag_mutability": "IMMUTABLE",
            "name": "eshop-ordering-api",
            "registry_id": "968138089668",
            "repository_url": "968138089668.dkr.ecr.us-east-1.amazonaws.com/eshop-ordering-api",
            "tags": {},
            "tags_all": {
              "ManagedBy": "terraform",
              "Project": "eshop"
            },
            "timeouts": null
          },
          "sensitive_attributes": [],
          "identity_schema_version": 0,
          "private": "eyJlMmJmYjczMC1lY2FhLTExZTYtOGY4OC0zNDM2M2JjN2M0YzAiOnsiZGVsZXRlIjoxMjAwMDAwMDAwMDAwfX0="
        },
        {
          "index_key": "payment_processor",
          "schema_version": 0,
          "attributes": {
            "arn": "arn:aws:ecr:us-east-1:968138089668:repository/eshop-payment-processor",
            "encryption_configuration": [
              {
                "encryption_type": "AES256",
                "kms_key": ""
              }
            ],
            "force_delete": true,
            "id": "eshop-payment-processor",
            "image_scanning_configuration": [
              {
                "scan_on_push": true
              }
            ],
            "image_tag_mutability": "IMMUTABLE",
            "name": "eshop-payment-processor",
            "registry_id": "968138089668",
            "repository_url": "968138089668.dkr.ecr.us-east-1.amazonaws.com/eshop-payment-processor",
            "tags": {},
            "tags_all": {
              "ManagedBy": "terraform",
              "Project": "eshop"
            },
            "timeouts": null
          },
          "sensitive_attributes": [],
          "identity_schema_version": 0,
          "private": "eyJlMmJmYjczMC1lY2FhLTExZTYtOGY4OC0zNDM2M2JjN2M0YzAiOnsiZGVsZXRlIjoxMjAwMDAwMDAwMDAwfX0="
        },
        {
          "index_key": "webapp",
          "schema_version": 0,
          "attributes": {
            "arn": "arn:aws:ecr:us-east-1:968138089668:repository/eshop-webapp",
            "encryption_configuration": [
              {
                "encryption_type": "AES256",
                "kms_key": ""
              }
            ],
            "force_delete": true,
            "id": "eshop-webapp",
            "image_scanning_configuration": [
              {
                "scan_on_push": true
              }
            ],
            "image_tag_mutability": "IMMUTABLE",
            "name": "eshop-webapp",
            "registry_id": "968138089668",
            "repository_url": "968138089668.dkr.ecr.us-east-1.amazonaws.com/eshop-webapp",
            "tags": {},
            "tags_all": {
              "ManagedBy": "terraform",
              "Project": "eshop"
            },
            "timeouts": null
          },
          "sensitive_attributes": [],
          "identity_schema_version": 0,
          "private": "eyJlMmJmYjczMC1lY2FhLTExZTYtOGY4OC0zNDM2M2JjN2M0YzAiOnsiZGVsZXRlIjoxMjAwMDAwMDAwMDAwfX0="
        }
      ]
    },
    {
      "mode": "managed",
      "type": "aws_efs_file_system",
      "name": "identity_keys",
      "provider": "provider[\"registry.terraform.io/hashicorp/aws\"]",
      "instances": [
        {
          "schema_version": 0,
          "attributes": {
            "arn": "arn:aws:elasticfilesystem:us-east-1:968138089668:file-system/fs-0f386532da7d394b5",
            "availability_zone_id": "",
            "availability_zone_name": "",
            "creation_token": "terraform-20260708155801489300000003",
            "dns_name": "fs-0f386532da7d394b5.efs.us-east-1.amazonaws.com",
            "encrypted": true,
            "id": "fs-0f386532da7d394b5",
            "kms_key_id": "arn:aws:kms:us-east-1:968138089668:key/cc969b2e-e783-47ea-b34a-0edaac03e3b9",
            "lifecycle_policy": [],
            "name": "eshop-identity-keys",
            "number_of_mount_targets": 2,
            "owner_id": "968138089668",
            "performance_mode": "generalPurpose",
            "protection": [
              {
                "replication_overwrite": "ENABLED"
              }
            ],
            "provisioned_throughput_in_mibps": 0,
            "size_in_bytes": [
              {
                "value": 6144,
                "value_in_ia": 0,
                "value_in_standard": 6144
              }
            ],
            "tags": {
              "Name": "eshop-identity-keys"
            },
            "tags_all": {
              "ManagedBy": "terraform",
              "Name": "eshop-identity-keys",
              "Project": "eshop"
            },
            "throughput_mode": "bursting"
          },
          "sensitive_attributes": [],
          "identity_schema_version": 0,
          "private": "bnVsbA=="
        }
      ]
    },
    {
      "mode": "managed",
      "type": "aws_efs_mount_target",
      "name": "identity_keys",
      "provider": "provider[\"registry.terraform.io/hashicorp/aws\"]",
      "instances": [
        {
          "index_key": "us-east-1a",
          "schema_version": 0,
          "attributes": {
            "availability_zone_id": "use1-az1",
            "availability_zone_name": "us-east-1a",
            "dns_name": "fs-0f386532da7d394b5.efs.us-east-1.amazonaws.com",
            "file_system_arn": "arn:aws:elasticfilesystem:us-east-1:968138089668:file-system/fs-0f386532da7d394b5",
            "file_system_id": "fs-0f386532da7d394b5",
            "id": "fsmt-0912b1d55194af097",
            "ip_address": "10.20.44.147",
            "mount_target_dns_name": "us-east-1a.fs-0f386532da7d394b5.efs.us-east-1.amazonaws.com",
            "network_interface_id": "eni-071215c02be572da2",
            "owner_id": "968138089668",
            "security_groups": [
              "sg-072fe4eb84c53cbb2"
            ],
            "subnet_id": "subnet-04d03cdc4f43511a8",
            "timeouts": null
          },
          "sensitive_attributes": [],
          "identity_schema_version": 0,
          "private": "eyJlMmJmYjczMC1lY2FhLTExZTYtOGY4OC0zNDM2M2JjN2M0YzAiOnsiY3JlYXRlIjoxODAwMDAwMDAwMDAwLCJkZWxldGUiOjYwMDAwMDAwMDAwMH19",
          "dependencies": [
            "aws_efs_file_system.identity_keys",
            "aws_security_group.efs",
            "aws_security_group.eks_nodes",
            "aws_subnet.private",
            "aws_vpc.this",
            "data.aws_availability_zones.available"
          ]
        },
        {
          "index_key": "us-east-1b",
          "schema_version": 0,
          "attributes": {
            "availability_zone_id": "use1-az2",
            "availability_zone_name": "us-east-1b",
            "dns_name": "fs-0f386532da7d394b5.efs.us-east-1.amazonaws.com",
            "file_system_arn": "arn:aws:elasticfilesystem:us-east-1:968138089668:file-system/fs-0f386532da7d394b5",
            "file_system_id": "fs-0f386532da7d394b5",
            "id": "fsmt-082fab6d5ae43d786",
            "ip_address": "10.20.51.137",
            "mount_target_dns_name": "us-east-1b.fs-0f386532da7d394b5.efs.us-east-1.amazonaws.com",
            "network_interface_id": "eni-0d45fc4de24cacf7c",
            "owner_id": "968138089668",
            "security_groups": [
              "sg-072fe4eb84c53cbb2"
            ],
            "subnet_id": "subnet-059d6bcfdd7127444",
            "timeouts": null
          },
          "sensitive_attributes": [],
          "identity_schema_version": 0,
          "private": "eyJlMmJmYjczMC1lY2FhLTExZTYtOGY4OC0zNDM2M2JjN2M0YzAiOnsiY3JlYXRlIjoxODAwMDAwMDAwMDAwLCJkZWxldGUiOjYwMDAwMDAwMDAwMH19",
          "dependencies": [
            "aws_efs_file_system.identity_keys",
            "aws_security_group.efs",
            "aws_security_group.eks_nodes",
            "aws_subnet.private",
            "aws_vpc.this",
            "data.aws_availability_zones.available"
          ]
        }
      ]
    },
    {
      "mode": "managed",
      "type": "aws_eks_cluster",
      "name": "this",
      "provider": "provider[\"registry.terraform.io/hashicorp/aws\"]",
      "instances": [
        {
          "schema_version": 1,
          "attributes": {
            "access_config": [
              {
                "authentication_mode": "CONFIG_MAP",
                "bootstrap_cluster_creator_admin_permissions": true
              }
            ],
            "arn": "arn:aws:eks:us-east-1:968138089668:cluster/eshop-eks",
            "bootstrap_self_managed_addons": true,
            "certificate_authority": [
              {
                "data": "LS0tLS1CRUdJTiBDRVJUSUZJQ0FURS0tLS0tCk1JSURCVENDQWUyZ0F3SUJBZ0lJQ1l1UUdncGR0dFV3RFFZSktvWklodmNOQVFFTEJRQXdGVEVUTUJFR0ExVUUKQXhNS2EzVmlaWEp1WlhSbGN6QWVGdzB5TmpBM01EZ3hOakF5TXpaYUZ3MHpOakEzTURVeE5qQTNNelphTUJVeApFekFSQmdOVkJBTVRDbXQxWW1WeWJtVjBaWE13Z2dFaU1BMEdDU3FHU0liM0RRRUJBUVVBQTRJQkR3QXdnZ0VLCkFvSUJBUUMvaWdkZlA3cUJqbFZHZEJKK3ZVQWJmSUloYkRoQjgrWFVDb0pBWHAxUFRSVWo5Z3JMdmpSbzdpc28KcFNNZ2hnYWxHb1lUL09GVDNsY1RmNUVHWEhxSmx0TkRXZU9WaXNwUnFnN01SZ3FhOHkvaGVyUUNwN1huMUlVVAp1Um43TXVpVmczampkMDNYVTh0eXcwYTF5TXMrTDVVV3pJcWgrcW9RK0hwMEpUSnBqWlBHSjYycUplUHdYSjZlCmQzNlhDK25qb25oamNpSWx4U2k0Q0pNYUphVHhyTnQwaUcyUjRueGE1aGZMZjN2NzNHMndkNEpHdFZKd0oySzMKejBWWng3a1JrTEZhd0s4RG9SYjBab1dQRjluSWJCSmFEOTIwaE12R2pGREQ0VDdyTXFwVkdsZGRBSC9id20yTwpxb2pxT2lhM2RBdkZXZ0FzenlDbUxnTzIrekdaQWdNQkFBR2pXVEJYTUE0R0ExVWREd0VCL3dRRUF3SUNwREFQCkJnTlZIUk1CQWY4RUJUQURBUUgvTUIwR0ExVWREZ1FXQkJTeURQdmxNd0xNZ3JUQ0FvZGlrNGZQaEthODh6QVYKQmdOVkhSRUVEakFNZ2dwcmRXSmxjbTVsZEdWek1BMEdDU3FHU0liM0RRRUJDd1VBQTRJQkFRQWxseHlvRDlEKworR2tpTmVPaWZ5UXBoQUpnVElnR0dXb2tWeWZYTHpwSWFHMHZVZmZHVUt3bGJ6QjRZSTE0NU1wK0FJTjVrZEVYCjZZZHFLaEdaOU1OQ3VnZGdmdjYxd3YxOTdsd0k4cDc5dTYyaXhMUnRmS0NxMWszR2JKaENINUoxejFRTXpDMk0KNU5XYWVIcmpNZ2lnVk5UMnNMZUY3cjV6QTBvV2x3c21uR2RuZ044MWtsRXZGQ0hzOXhQcUViSkp0ZUk5MFFuVwpFRUpBZ3ZQc1RWK1UveUZ5OUF3OCtiM0RGMlRHcXNKbHJaMk5keUllaWUvWU96YXZuc01oTzJkTDg5TG1sTlJ4ClZYU3Y2RURlalpXVFNML0hiTTR1eGFDYW1acEJueENxTjZuR1R6UklpRThVdDJwZ21zZXR6Y2gwVmVBcWFob1gKcGZmaFVZQWU4L0tBCi0tLS0tRU5EIENFUlRJRklDQVRFLS0tLS0K"
              }
            ],
            "cluster_id": null,
            "compute_config": [],
            "created_at": "2026-07-08T15:58:31Z",
            "enabled_cluster_log_types": [
              "api",
              "audit",
              "authenticator",
              "controllerManager",
              "scheduler"
            ],
            "encryption_config": [],
            "endpoint": "https://50379BADC94A520656E8469934BECD9D.yl4.us-east-1.eks.amazonaws.com",
            "force_update_version": null,
            "id": "eshop-eks",
            "identity": [
              {
                "oidc": [
                  {
                    "issuer": "https://oidc.eks.us-east-1.amazonaws.com/id/50379BADC94A520656E8469934BECD9D"
                  }
                ]
              }
            ],
            "kubernetes_network_config": [
              {
                "elastic_load_balancing": [
                  {
                    "enabled": false
                  }
                ],
                "ip_family": "ipv4",
                "service_ipv4_cidr": "172.20.0.0/16",
                "service_ipv6_cidr": ""
              }
            ],
            "name": "eshop-eks",
            "outpost_config": [],
            "platform_version": "eks.72",
            "remote_network_config": [],
            "role_arn": "arn:aws:iam::968138089668:role/eshop-eks-cluster",
            "status": "ACTIVE",
            "storage_config": [],
            "tags": {},
            "tags_all": {
              "ManagedBy": "terraform",
              "Project": "eshop"
            },
            "timeouts": null,
            "upgrade_policy": [
              {
                "support_type": "EXTENDED"
              }
            ],
            "version": "1.30",
            "vpc_config": [
              {
                "cluster_security_group_id": "sg-04d2ee1d99dc8ba14",
                "endpoint_private_access": false,
                "endpoint_public_access": true,
                "public_access_cidrs": [
                  "0.0.0.0/0"
                ],
                "security_group_ids": [
                  "sg-0249b4b6c6f7a94ab"
                ],
                "subnet_ids": [
                  "subnet-0018a08fc54e138b2",
                  "subnet-01c6a58c86ec1179a"
                ],
                "vpc_id": "vpc-0b70c4390c2ddbc09"
              }
            ],
            "zonal_shift_config": []
          },
          "sensitive_attributes": [],
          "identity_schema_version": 0,
          "private": "eyJlMmJmYjczMC1lY2FhLTExZTYtOGY4OC0zNDM2M2JjN2M0YzAiOnsiY3JlYXRlIjoxODAwMDAwMDAwMDAwLCJkZWxldGUiOjkwMDAwMDAwMDAwMCwidXBkYXRlIjozNjAwMDAwMDAwMDAwfSwic2NoZW1hX3ZlcnNpb24iOiIxIn0=",
          "dependencies": [
            "aws_iam_role.eks_cluster",
            "aws_iam_role_policy_attachment.eks_cluster_policy",
            "aws_iam_role_policy_attachment.eks_vpc_resource_controller",
            "aws_security_group.eks_nodes",
            "aws_subnet.public",
            "aws_vpc.this",
            "data.aws_availability_zones.available"
          ]
        }
      ]
    },
    {
      "mode": "managed",
      "type": "aws_eks_node_group",
      "name": "this",
      "provider": "provider[\"registry.terraform.io/hashicorp/aws\"]",
      "instances": [
        {
          "schema_version": 0,
          "attributes": {
            "ami_type": "AL2023_x86_64_STANDARD",
            "arn": "arn:aws:eks:us-east-1:968138089668:nodegroup/eshop-eks/eshop-nodes/e0cfa140-ae40-3173-b3c6-1dd8754649a2",
            "capacity_type": "ON_DEMAND",
            "cluster_name": "eshop-eks",
            "disk_size": 20,
            "force_update_version": null,
            "id": "eshop-eks:eshop-nodes",
            "instance_types": [
              "t3.medium"
            ],
            "labels": {},
            "launch_template": [],
            "node_group_name": "eshop-nodes",
            "node_group_name_prefix": "",
            "node_repair_config": [],
            "node_role_arn": "arn:aws:iam::968138089668:role/eshop-eks-nodes",
            "release_version": "1.30.14-20260625",
            "remote_access": [],
            "resources": [
              {
                "autoscaling_groups": [
                  {
                    "name": "eks-eshop-nodes-e0cfa140-ae40-3173-b3c6-1dd8754649a2"
                  }
                ],
                "remote_access_security_group_id": ""
              }
            ],
            "scaling_config": [
              {
                "desired_size": 2,
                "max_size": 3,
                "min_size": 1
              }
            ],
            "status": "ACTIVE",
            "subnet_ids": [
              "subnet-0018a08fc54e138b2",
              "subnet-01c6a58c86ec1179a"
            ],
            "tags": {},
            "tags_all": {
              "ManagedBy": "terraform",
              "Project": "eshop"
            },
            "taint": [],
            "timeouts": null,
            "update_config": [
              {
                "max_unavailable": 1,
                "max_unavailable_percentage": 0
              }
            ],
            "version": "1.30"
          },
          "sensitive_attributes": [],
          "identity_schema_version": 0,
          "private": "eyJlMmJmYjczMC1lY2FhLTExZTYtOGY4OC0zNDM2M2JjN2M0YzAiOnsiY3JlYXRlIjozNjAwMDAwMDAwMDAwLCJkZWxldGUiOjM2MDAwMDAwMDAwMDAsInVwZGF0ZSI6MzYwMDAwMDAwMDAwMH19",
          "dependencies": [
            "aws_eks_cluster.this",
            "aws_iam_role.eks_cluster",
            "aws_iam_role.eks_nodes",
            "aws_iam_role_policy_attachment.eks_cluster_policy",
            "aws_iam_role_policy_attachment.eks_cni_policy",
            "aws_iam_role_policy_attachment.eks_ecr_readonly",
            "aws_iam_role_policy_attachment.eks_vpc_resource_controller",
            "aws_iam_role_policy_attachment.eks_worker_node_policy",
            "aws_security_group.eks_nodes",
            "aws_subnet.public",
            "aws_vpc.this",
            "data.aws_availability_zones.available"
          ]
        }
      ]
    },
    {
      "mode": "managed",
      "type": "aws_elasticache_cluster",
      "name": "redis",
      "provider": "provider[\"registry.terraform.io/hashicorp/aws\"]",
      "instances": [
        {
          "schema_version": 0,
          "attributes": {
            "apply_immediately": null,
            "arn": "arn:aws:elasticache:us-east-1:968138089668:cluster:eshop-redis",
            "auto_minor_version_upgrade": "true",
            "availability_zone": "us-east-1a",
            "az_mode": "single-az",
            "cache_nodes": [
              {
                "address": "eshop-redis.xjzr5c.0001.use1.cache.amazonaws.com",
                "availability_zone": "us-east-1a",
                "id": "0001",
                "outpost_arn": "",
                "port": 6379
              }
            ],
            "cluster_address": null,
            "cluster_id": "eshop-redis",
            "configuration_endpoint": null,
            "engine": "redis",
            "engine_version": "7.1",
            "engine_version_actual": "7.1.0",
            "final_snapshot_identifier": null,
            "id": "eshop-redis",
            "ip_discovery": "ipv4",
            "log_delivery_configuration": [],
            "maintenance_window": "thu:06:00-thu:07:00",
            "network_type": "ipv4",
            "node_type": "cache.t3.small",
            "notification_topic_arn": null,
            "num_cache_nodes": 1,
            "outpost_mode": null,
            "parameter_group_name": "default.redis7",
            "port": 6379,
            "preferred_availability_zones": null,
            "preferred_outpost_arn": "",
            "replication_group_id": "",
            "security_group_ids": [
              "sg-0bb58fe6e4343634f"
            ],
            "snapshot_arns": null,
            "snapshot_name": null,
            "snapshot_retention_limit": 0,
            "snapshot_window": "07:30-08:30",
            "subnet_group_name": "eshop-redis",
            "tags": {
              "Name": "eshop-redis"
            },
            "tags_all": {
              "ManagedBy": "terraform",
              "Name": "eshop-redis",
              "Project": "eshop"
            },
            "timeouts": null,
            "transit_encryption_enabled": false
          },
          "sensitive_attributes": [],
          "identity_schema_version": 0,
          "private": "eyJlMmJmYjczMC1lY2FhLTExZTYtOGY4OC0zNDM2M2JjN2M0YzAiOnsiY3JlYXRlIjoyNDAwMDAwMDAwMDAwLCJkZWxldGUiOjI0MDAwMDAwMDAwMDAsInVwZGF0ZSI6NDgwMDAwMDAwMDAwMH19",
          "dependencies": [
            "aws_elasticache_subnet_group.redis",
            "aws_security_group.eks_nodes",
            "aws_security_group.redis",
            "aws_subnet.private",
            "aws_vpc.this",
            "data.aws_availability_zones.available"
          ]
        }
      ]
    },
    {
      "mode": "managed",
      "type": "aws_elasticache_subnet_group",
      "name": "redis",
      "provider": "provider[\"registry.terraform.io/hashicorp/aws\"]",
      "instances": [
        {
          "schema_version": 0,
          "attributes": {
            "arn": "arn:aws:elasticache:us-east-1:968138089668:subnetgroup:eshop-redis",
            "description": "Managed by Terraform",
            "id": "eshop-redis",
            "name": "eshop-redis",
            "subnet_ids": [
              "subnet-04d03cdc4f43511a8",
              "subnet-059d6bcfdd7127444"
            ],
            "tags": {},
            "tags_all": {
              "ManagedBy": "terraform",
              "Project": "eshop"
            },
            "vpc_id": "vpc-0b70c4390c2ddbc09"
          },
          "sensitive_attributes": [],
          "identity_schema_version": 0,
          "private": "bnVsbA==",
          "dependencies": [
            "aws_subnet.private",
            "aws_vpc.this",
            "data.aws_availability_zones.available"
          ]
        }
      ]
    },
    {
      "mode": "managed",
      "type": "aws_iam_role",
      "name": "eks_cluster",
      "provider": "provider[\"registry.terraform.io/hashicorp/aws\"]",
      "instances": [
        {
          "schema_version": 0,
          "attributes": {
            "arn": "arn:aws:iam::968138089668:role/eshop-eks-cluster",
            "assume_role_policy": "{\"Statement\":[{\"Action\":\"sts:AssumeRole\",\"Effect\":\"Allow\",\"Principal\":{\"Service\":\"eks.amazonaws.com\"}}],\"Version\":\"2012-10-17\"}",
            "create_date": "2026-07-08T15:58:02Z",
            "description": "",
            "force_detach_policies": false,
            "id": "eshop-eks-cluster",
            "inline_policy": [],
            "managed_policy_arns": [
              "arn:aws:iam::aws:policy/AmazonEKSClusterPolicy",
              "arn:aws:iam::aws:policy/AmazonEKSVPCResourceController"
            ],
            "max_session_duration": 3600,
            "name": "eshop-eks-cluster",
            "name_prefix": "",
            "path": "/",
            "permissions_boundary": "",
            "tags": {},
            "tags_all": {
              "ManagedBy": "terraform",
              "Project": "eshop"
            },
            "unique_id": "AROA6C2MG4TCN6NXJIXY4"
          },
          "sensitive_attributes": [],
          "identity_schema_version": 0,
          "private": "bnVsbA=="
        }
      ]
    },
    {
      "mode": "managed",
      "type": "aws_iam_role",
      "name": "eks_nodes",
      "provider": "provider[\"registry.terraform.io/hashicorp/aws\"]",
      "instances": [
        {
          "schema_version": 0,
          "attributes": {
            "arn": "arn:aws:iam::968138089668:role/eshop-eks-nodes",
            "assume_role_policy": "{\"Statement\":[{\"Action\":\"sts:AssumeRole\",\"Effect\":\"Allow\",\"Principal\":{\"Service\":\"ec2.amazonaws.com\"}}],\"Version\":\"2012-10-17\"}",
            "create_date": "2026-07-08T15:58:02Z",
            "description": "",
            "force_detach_policies": false,
            "id": "eshop-eks-nodes",
            "inline_policy": [],
            "managed_policy_arns": [
              "arn:aws:iam::aws:policy/AmazonEC2ContainerRegistryReadOnly",
              "arn:aws:iam::aws:policy/AmazonEKSWorkerNodePolicy",
              "arn:aws:iam::aws:policy/AmazonEKS_CNI_Policy",
              "arn:aws:iam::aws:policy/service-role/AmazonEBSCSIDriverPolicy"
            ],
            "max_session_duration": 3600,
            "name": "eshop-eks-nodes",
            "name_prefix": "",
            "path": "/",
            "permissions_boundary": "",
            "tags": {},
            "tags_all": {
              "ManagedBy": "terraform",
              "Project": "eshop"
            },
            "unique_id": "AROA6C2MG4TCDPB4YEVV3"
          },
          "sensitive_attributes": [],
          "identity_schema_version": 0,
          "private": "bnVsbA=="
        }
      ]
    },
    {
      "mode": "managed",
      "type": "aws_iam_role_policy_attachment",
      "name": "eks_cluster_policy",
      "provider": "provider[\"registry.terraform.io/hashicorp/aws\"]",
      "instances": [
        {
          "schema_version": 0,
          "attributes": {
            "id": "eshop-eks-cluster-20260708155803081700000005",
            "policy_arn": "arn:aws:iam::aws:policy/AmazonEKSClusterPolicy",
            "role": "eshop-eks-cluster"
          },
          "sensitive_attributes": [],
          "identity_schema_version": 0,
          "private": "bnVsbA==",
          "dependencies": [
            "aws_iam_role.eks_cluster"
          ]
        }
      ]
    },
    {
      "mode": "managed",
      "type": "aws_iam_role_policy_attachment",
      "name": "eks_cni_policy",
      "provider": "provider[\"registry.terraform.io/hashicorp/aws\"]",
      "instances": [
        {
          "schema_version": 0,
          "attributes": {
            "id": "eshop-eks-nodes-20260708155803641000000008",
            "policy_arn": "arn:aws:iam::aws:policy/AmazonEKS_CNI_Policy",
            "role": "eshop-eks-nodes"
          },
          "sensitive_attributes": [],
          "identity_schema_version": 0,
          "private": "bnVsbA==",
          "dependencies": [
            "aws_iam_role.eks_nodes"
          ]
        }
      ]
    },
    {
      "mode": "managed",
      "type": "aws_iam_role_policy_attachment",
      "name": "eks_ecr_readonly",
      "provider": "provider[\"registry.terraform.io/hashicorp/aws\"]",
      "instances": [
        {
          "schema_version": 0,
          "attributes": {
            "id": "eshop-eks-nodes-20260708155803325700000006",
            "policy_arn": "arn:aws:iam::aws:policy/AmazonEC2ContainerRegistryReadOnly",
            "role": "eshop-eks-nodes"
          },
          "sensitive_attributes": [],
          "identity_schema_version": 0,
          "private": "bnVsbA==",
          "dependencies": [
            "aws_iam_role.eks_nodes"
          ]
        }
      ]
    },
    {
      "mode": "managed",
      "type": "aws_iam_role_policy_attachment",
      "name": "eks_vpc_resource_controller",
      "provider": "provider[\"registry.terraform.io/hashicorp/aws\"]",
      "instances": [
        {
          "schema_version": 0,
          "attributes": {
            "id": "eshop-eks-cluster-20260708155803056500000004",
            "policy_arn": "arn:aws:iam::aws:policy/AmazonEKSVPCResourceController",
            "role": "eshop-eks-cluster"
          },
          "sensitive_attributes": [],
          "identity_schema_version": 0,
          "private": "bnVsbA==",
          "dependencies": [
            "aws_iam_role.eks_cluster"
          ]
        }
      ]
    },
    {
      "mode": "managed",
      "type": "aws_iam_role_policy_attachment",
      "name": "eks_worker_node_policy",
      "provider": "provider[\"registry.terraform.io/hashicorp/aws\"]",
      "instances": [
        {
          "schema_version": 0,
          "attributes": {
            "id": "eshop-eks-nodes-20260708155803407800000007",
            "policy_arn": "arn:aws:iam::aws:policy/AmazonEKSWorkerNodePolicy",
            "role": "eshop-eks-nodes"
          },
          "sensitive_attributes": [],
          "identity_schema_version": 0,
          "private": "bnVsbA==",
          "dependencies": [
            "aws_iam_role.eks_nodes"
          ]
        }
      ]
    },
    {
      "mode": "managed",
      "type": "aws_internet_gateway",
      "name": "this",
      "provider": "provider[\"registry.terraform.io/hashicorp/aws\"]",
      "instances": [
        {
          "schema_version": 0,
          "attributes": {
            "arn": "arn:aws:ec2:us-east-1:968138089668:internet-gateway/igw-058bf5e84b3da38d6",
            "id": "igw-058bf5e84b3da38d6",
            "owner_id": "968138089668",
            "tags": {
              "Name": "eshop-igw"
            },
            "tags_all": {
              "ManagedBy": "terraform",
              "Name": "eshop-igw",
              "Project": "eshop"
            },
            "timeouts": null,
            "vpc_id": "vpc-0b70c4390c2ddbc09"
          },
          "sensitive_attributes": [],
          "identity_schema_version": 0,
          "private": "eyJlMmJmYjczMC1lY2FhLTExZTYtOGY4OC0zNDM2M2JjN2M0YzAiOnsiY3JlYXRlIjoxMjAwMDAwMDAwMDAwLCJkZWxldGUiOjEyMDAwMDAwMDAwMDAsInVwZGF0ZSI6MTIwMDAwMDAwMDAwMH19",
          "dependencies": [
            "aws_vpc.this"
          ]
        }
      ]
    },
    {
      "mode": "managed",
      "type": "aws_route_table",
      "name": "private",
      "provider": "provider[\"registry.terraform.io/hashicorp/aws\"]",
      "instances": [
        {
          "schema_version": 0,
          "attributes": {
            "arn": "arn:aws:ec2:us-east-1:968138089668:route-table/rtb-09188bbe9662a2f0b",
            "id": "rtb-09188bbe9662a2f0b",
            "owner_id": "968138089668",
            "propagating_vgws": [],
            "route": [],
            "tags": {
              "Name": "eshop-private-rt"
            },
            "tags_all": {
              "ManagedBy": "terraform",
              "Name": "eshop-private-rt",
              "Project": "eshop"
            },
            "timeouts": null,
            "vpc_id": "vpc-0b70c4390c2ddbc09"
          },
          "sensitive_attributes": [],
          "identity_schema_version": 0,
          "private": "eyJlMmJmYjczMC1lY2FhLTExZTYtOGY4OC0zNDM2M2JjN2M0YzAiOnsiY3JlYXRlIjozMDAwMDAwMDAwMDAsImRlbGV0ZSI6MzAwMDAwMDAwMDAwLCJ1cGRhdGUiOjEyMDAwMDAwMDAwMH19",
          "dependencies": [
            "aws_vpc.this"
          ]
        }
      ]
    },
    {
      "mode": "managed",
      "type": "aws_route_table",
      "name": "public",
      "provider": "provider[\"registry.terraform.io/hashicorp/aws\"]",
      "instances": [
        {
          "schema_version": 0,
          "attributes": {
            "arn": "arn:aws:ec2:us-east-1:968138089668:route-table/rtb-0c9556a4eb65b4b9e",
            "id": "rtb-0c9556a4eb65b4b9e",
            "owner_id": "968138089668",
            "propagating_vgws": [],
            "route": [
              {
                "carrier_gateway_id": "",
                "cidr_block": "0.0.0.0/0",
                "core_network_arn": "",
                "destination_prefix_list_id": "",
                "egress_only_gateway_id": "",
                "gateway_id": "igw-058bf5e84b3da38d6",
                "ipv6_cidr_block": "",
                "local_gateway_id": "",
                "nat_gateway_id": "",
                "network_interface_id": "",
                "transit_gateway_id": "",
                "vpc_endpoint_id": "",
                "vpc_peering_connection_id": ""
              }
            ],
            "tags": {
              "Name": "eshop-public-rt"
            },
            "tags_all": {
              "ManagedBy": "terraform",
              "Name": "eshop-public-rt",
              "Project": "eshop"
            },
            "timeouts": null,
            "vpc_id": "vpc-0b70c4390c2ddbc09"
          },
          "sensitive_attributes": [],
          "identity_schema_version": 0,
          "private": "eyJlMmJmYjczMC1lY2FhLTExZTYtOGY4OC0zNDM2M2JjN2M0YzAiOnsiY3JlYXRlIjozMDAwMDAwMDAwMDAsImRlbGV0ZSI6MzAwMDAwMDAwMDAwLCJ1cGRhdGUiOjEyMDAwMDAwMDAwMH19",
          "dependencies": [
            "aws_internet_gateway.this",
            "aws_vpc.this"
          ]
        }
      ]
    },
    {
      "mode": "managed",
      "type": "aws_route_table_association",
      "name": "private",
      "provider": "provider[\"registry.terraform.io/hashicorp/aws\"]",
      "instances": [
        {
          "index_key": "us-east-1a",
          "schema_version": 0,
          "attributes": {
            "gateway_id": "",
            "id": "rtbassoc-05dc0eeb630088ee8",
            "route_table_id": "rtb-09188bbe9662a2f0b",
            "subnet_id": "subnet-04d03cdc4f43511a8",
            "timeouts": null
          },
          "sensitive_attributes": [],
          "identity_schema_version": 0,
          "private": "eyJlMmJmYjczMC1lY2FhLTExZTYtOGY4OC0zNDM2M2JjN2M0YzAiOnsiY3JlYXRlIjozMDAwMDAwMDAwMDAsImRlbGV0ZSI6MzAwMDAwMDAwMDAwLCJ1cGRhdGUiOjEyMDAwMDAwMDAwMH19",
          "dependencies": [
            "aws_route_table.private",
            "aws_subnet.private",
            "aws_vpc.this",
            "data.aws_availability_zones.available"
          ]
        },
        {
          "index_key": "us-east-1b",
          "schema_version": 0,
          "attributes": {
            "gateway_id": "",
            "id": "rtbassoc-09c95ab3130e07842",
            "route_table_id": "rtb-09188bbe9662a2f0b",
            "subnet_id": "subnet-059d6bcfdd7127444",
            "timeouts": null
          },
          "sensitive_attributes": [],
          "identity_schema_version": 0,
          "private": "eyJlMmJmYjczMC1lY2FhLTExZTYtOGY4OC0zNDM2M2JjN2M0YzAiOnsiY3JlYXRlIjozMDAwMDAwMDAwMDAsImRlbGV0ZSI6MzAwMDAwMDAwMDAwLCJ1cGRhdGUiOjEyMDAwMDAwMDAwMH19",
          "dependencies": [
            "aws_route_table.private",
            "aws_subnet.private",
            "aws_vpc.this",
            "data.aws_availability_zones.available"
          ]
        }
      ]
    },
    {
      "mode": "managed",
      "type": "aws_route_table_association",
      "name": "public",
      "provider": "provider[\"registry.terraform.io/hashicorp/aws\"]",
      "instances": [
        {
          "index_key": "us-east-1a",
          "schema_version": 0,
          "attributes": {
            "gateway_id": "",
            "id": "rtbassoc-029441ccd97108002",
            "route_table_id": "rtb-0c9556a4eb65b4b9e",
            "subnet_id": "subnet-0018a08fc54e138b2",
            "timeouts": null
          },
          "sensitive_attributes": [],
          "identity_schema_version": 0,
          "private": "eyJlMmJmYjczMC1lY2FhLTExZTYtOGY4OC0zNDM2M2JjN2M0YzAiOnsiY3JlYXRlIjozMDAwMDAwMDAwMDAsImRlbGV0ZSI6MzAwMDAwMDAwMDAwLCJ1cGRhdGUiOjEyMDAwMDAwMDAwMH19",
          "dependencies": [
            "aws_internet_gateway.this",
            "aws_route_table.public",
            "aws_subnet.public",
            "aws_vpc.this",
            "data.aws_availability_zones.available"
          ]
        },
        {
          "index_key": "us-east-1b",
          "schema_version": 0,
          "attributes": {
            "gateway_id": "",
            "id": "rtbassoc-028c7fb4286456959",
            "route_table_id": "rtb-0c9556a4eb65b4b9e",
            "subnet_id": "subnet-01c6a58c86ec1179a",
            "timeouts": null
          },
          "sensitive_attributes": [],
          "identity_schema_version": 0,
          "private": "eyJlMmJmYjczMC1lY2FhLTExZTYtOGY4OC0zNDM2M2JjN2M0YzAiOnsiY3JlYXRlIjozMDAwMDAwMDAwMDAsImRlbGV0ZSI6MzAwMDAwMDAwMDAwLCJ1cGRhdGUiOjEyMDAwMDAwMDAwMH19",
          "dependencies": [
            "aws_internet_gateway.this",
            "aws_route_table.public",
            "aws_subnet.public",
            "aws_vpc.this",
            "data.aws_availability_zones.available"
          ]
        }
      ]
    },
    {
      "mode": "managed",
      "type": "aws_secretsmanager_secret",
      "name": "postgres",
      "provider": "provider[\"registry.terraform.io/hashicorp/aws\"]",
      "instances": [
        {
          "schema_version": 0,
          "attributes": {
            "arn": "arn:aws:secretsmanager:us-east-1:968138089668:secret:eshop/postgres-Gisz6f",
            "description": "",
            "force_overwrite_replica_secret": false,
            "id": "arn:aws:secretsmanager:us-east-1:968138089668:secret:eshop/postgres-Gisz6f",
            "kms_key_id": "",
            "name": "eshop/postgres",
            "name_prefix": "",
            "policy": "",
            "recovery_window_in_days": 30,
            "replica": [],
            "tags": {},
            "tags_all": {
              "ManagedBy": "terraform",
              "Project": "eshop"
            }
          },
          "sensitive_attributes": [],
          "identity_schema_version": 0,
          "private": "bnVsbA=="
        }
      ]
    },
    {
      "mode": "managed",
      "type": "aws_secretsmanager_secret_version",
      "name": "postgres",
      "provider": "provider[\"registry.terraform.io/hashicorp/aws\"]",
      "instances": [
        {
          "schema_version": 0,
          "attributes": {
            "arn": "arn:aws:secretsmanager:us-east-1:968138089668:secret:eshop/postgres-Gisz6f",
            "has_secret_string_wo": null,
            "id": "arn:aws:secretsmanager:us-east-1:968138089668:secret:eshop/postgres-Gisz6f|terraform-2026070816102011220000000f",
            "secret_binary": "",
            "secret_id": "arn:aws:secretsmanager:us-east-1:968138089668:secret:eshop/postgres-Gisz6f",
            "secret_string": "{\"database\":\"postgres\",\"engine\":\"postgres\",\"host\":\"eshop-postgres.cczick80udvj.us-east-1.rds.amazonaws.com\",\"password\":\"gg\\u0026kAm=DZFMpawEvan52S=Dd\",\"port\":5432,\"username\":\"eshopadmin\"}",
            "secret_string_wo": null,
            "secret_string_wo_version": null,
            "version_id": "terraform-2026070816102011220000000f",
            "version_stages": [
              "AWSCURRENT"
            ]
          },
          "sensitive_attributes": [
            [
              {
                "type": "get_attr",
                "value": "secret_binary"
              }
            ],
            [
              {
                "type": "get_attr",
                "value": "secret_string"
              }
            ],
            [
              {
                "type": "get_attr",
                "value": "secret_string_wo"
              }
            ]
          ],
          "identity_schema_version": 0,
          "private": "bnVsbA==",
          "dependencies": [
            "aws_db_instance.postgres",
            "aws_db_subnet_group.postgres",
            "aws_secretsmanager_secret.postgres",
            "aws_security_group.eks_nodes",
            "aws_security_group.postgres",
            "aws_subnet.private",
            "aws_vpc.this",
            "data.aws_availability_zones.available",
            "random_password.postgres"
          ]
        }
      ]
    },
    {
      "mode": "managed",
      "type": "aws_security_group",
      "name": "efs",
      "provider": "provider[\"registry.terraform.io/hashicorp/aws\"]",
      "instances": [
        {
          "schema_version": 1,
          "attributes": {
            "arn": "arn:aws:ec2:us-east-1:968138089668:security-group/sg-072fe4eb84c53cbb2",
            "description": "Security group for EFS",
            "egress": [
              {
                "cidr_blocks": [
                  "0.0.0.0/0"
                ],
                "description": "",
                "from_port": 0,
                "ipv6_cidr_blocks": [],
                "prefix_list_ids": [],
                "protocol": "-1",
                "security_groups": [],
                "self": false,
                "to_port": 0
              }
            ],
            "id": "sg-072fe4eb84c53cbb2",
            "ingress": [
              {
                "cidr_blocks": [],
                "description": "NFS from EKS nodes",
                "from_port": 2049,
                "ipv6_cidr_blocks": [],
                "prefix_list_ids": [],
                "protocol": "tcp",
                "security_groups": [
                  "sg-0249b4b6c6f7a94ab"
                ],
                "self": false,
                "to_port": 2049
              }
            ],
            "name": "eshop-efs",
            "name_prefix": "",
            "owner_id": "968138089668",
            "revoke_rules_on_delete": false,
            "tags": {
              "Name": "eshop-efs-sg"
            },
            "tags_all": {
              "ManagedBy": "terraform",
              "Name": "eshop-efs-sg",
              "Project": "eshop"
            },
            "timeouts": null,
            "vpc_id": "vpc-0b70c4390c2ddbc09"
          },
          "sensitive_attributes": [],
          "identity_schema_version": 0,
          "private": "eyJlMmJmYjczMC1lY2FhLTExZTYtOGY4OC0zNDM2M2JjN2M0YzAiOnsiY3JlYXRlIjo2MDAwMDAwMDAwMDAsImRlbGV0ZSI6OTAwMDAwMDAwMDAwfSwic2NoZW1hX3ZlcnNpb24iOiIxIn0=",
          "dependencies": [
            "aws_security_group.eks_nodes",
            "aws_vpc.this"
          ]
        }
      ]
    },
    {
      "mode": "managed",
      "type": "aws_security_group",
      "name": "eks_nodes",
      "provider": "provider[\"registry.terraform.io/hashicorp/aws\"]",
      "instances": [
        {
          "schema_version": 1,
          "attributes": {
            "arn": "arn:aws:ec2:us-east-1:968138089668:security-group/sg-0249b4b6c6f7a94ab",
            "description": "Security group for EKS worker nodes",
            "egress": [
              {
                "cidr_blocks": [
                  "0.0.0.0/0"
                ],
                "description": "",
                "from_port": 0,
                "ipv6_cidr_blocks": [],
                "prefix_list_ids": [],
                "protocol": "-1",
                "security_groups": [],
                "self": false,
                "to_port": 0
              }
            ],
            "id": "sg-0249b4b6c6f7a94ab",
            "ingress": [
              {
                "cidr_blocks": [
                  "0.0.0.0/0"
                ],
                "description": "WebApp NodePort from the internet",
                "from_port": 30080,
                "ipv6_cidr_blocks": [],
                "prefix_list_ids": [],
                "protocol": "tcp",
                "security_groups": [],
                "self": false,
                "to_port": 30080
              },
              {
                "cidr_blocks": [],
                "description": "All traffic from worker nodes",
                "from_port": 0,
                "ipv6_cidr_blocks": [],
                "prefix_list_ids": [],
                "protocol": "-1",
                "security_groups": [],
                "self": true,
                "to_port": 0
              }
            ],
            "name": "eshop-eks-nodes",
            "name_prefix": "",
            "owner_id": "968138089668",
            "revoke_rules_on_delete": false,
            "tags": {
              "Name": "eshop-eks-nodes-sg"
            },
            "tags_all": {
              "ManagedBy": "terraform",
              "Name": "eshop-eks-nodes-sg",
              "Project": "eshop"
            },
            "timeouts": null,
            "vpc_id": "vpc-0b70c4390c2ddbc09"
          },
          "sensitive_attributes": [],
          "identity_schema_version": 0,
          "private": "eyJlMmJmYjczMC1lY2FhLTExZTYtOGY4OC0zNDM2M2JjN2M0YzAiOnsiY3JlYXRlIjo2MDAwMDAwMDAwMDAsImRlbGV0ZSI6OTAwMDAwMDAwMDAwfSwic2NoZW1hX3ZlcnNpb24iOiIxIn0=",
          "dependencies": [
            "aws_vpc.this"
          ]
        }
      ]
    },
    {
      "mode": "managed",
      "type": "aws_security_group",
      "name": "postgres",
      "provider": "provider[\"registry.terraform.io/hashicorp/aws\"]",
      "instances": [
        {
          "schema_version": 1,
          "attributes": {
            "arn": "arn:aws:ec2:us-east-1:968138089668:security-group/sg-0d630e39763e5aad3",
            "description": "Security group for PostgreSQL",
            "egress": [
              {
                "cidr_blocks": [
                  "0.0.0.0/0"
                ],
                "description": "",
                "from_port": 0,
                "ipv6_cidr_blocks": [],
                "prefix_list_ids": [],
                "protocol": "-1",
                "security_groups": [],
                "self": false,
                "to_port": 0
              }
            ],
            "id": "sg-0d630e39763e5aad3",
            "ingress": [
              {
                "cidr_blocks": [],
                "description": "PostgreSQL from EKS nodes",
                "from_port": 5432,
                "ipv6_cidr_blocks": [],
                "prefix_list_ids": [],
                "protocol": "tcp",
                "security_groups": [
                  "sg-0249b4b6c6f7a94ab"
                ],
                "self": false,
                "to_port": 5432
              }
            ],
            "name": "eshop-postgres",
            "name_prefix": "",
            "owner_id": "968138089668",
            "revoke_rules_on_delete": false,
            "tags": {
              "Name": "eshop-postgres-sg"
            },
            "tags_all": {
              "ManagedBy": "terraform",
              "Name": "eshop-postgres-sg",
              "Project": "eshop"
            },
            "timeouts": null,
            "vpc_id": "vpc-0b70c4390c2ddbc09"
          },
          "sensitive_attributes": [],
          "identity_schema_version": 0,
          "private": "eyJlMmJmYjczMC1lY2FhLTExZTYtOGY4OC0zNDM2M2JjN2M0YzAiOnsiY3JlYXRlIjo2MDAwMDAwMDAwMDAsImRlbGV0ZSI6OTAwMDAwMDAwMDAwfSwic2NoZW1hX3ZlcnNpb24iOiIxIn0=",
          "dependencies": [
            "aws_security_group.eks_nodes",
            "aws_vpc.this"
          ]
        }
      ]
    },
    {
      "mode": "managed",
      "type": "aws_security_group",
      "name": "redis",
      "provider": "provider[\"registry.terraform.io/hashicorp/aws\"]",
      "instances": [
        {
          "schema_version": 1,
          "attributes": {
            "arn": "arn:aws:ec2:us-east-1:968138089668:security-group/sg-0bb58fe6e4343634f",
            "description": "Security group for Redis",
            "egress": [
              {
                "cidr_blocks": [
                  "0.0.0.0/0"
                ],
                "description": "",
                "from_port": 0,
                "ipv6_cidr_blocks": [],
                "prefix_list_ids": [],
                "protocol": "-1",
                "security_groups": [],
                "self": false,
                "to_port": 0
              }
            ],
            "id": "sg-0bb58fe6e4343634f",
            "ingress": [
              {
                "cidr_blocks": [],
                "description": "Redis from EKS nodes",
                "from_port": 6379,
                "ipv6_cidr_blocks": [],
                "prefix_list_ids": [],
                "protocol": "tcp",
                "security_groups": [
                  "sg-0249b4b6c6f7a94ab"
                ],
                "self": false,
                "to_port": 6379
              }
            ],
            "name": "eshop-redis",
            "name_prefix": "",
            "owner_id": "968138089668",
            "revoke_rules_on_delete": false,
            "tags": {
              "Name": "eshop-redis-sg"
            },
            "tags_all": {
              "ManagedBy": "terraform",
              "Name": "eshop-redis-sg",
              "Project": "eshop"
            },
            "timeouts": null,
            "vpc_id": "vpc-0b70c4390c2ddbc09"
          },
          "sensitive_attributes": [],
          "identity_schema_version": 0,
          "private": "eyJlMmJmYjczMC1lY2FhLTExZTYtOGY4OC0zNDM2M2JjN2M0YzAiOnsiY3JlYXRlIjo2MDAwMDAwMDAwMDAsImRlbGV0ZSI6OTAwMDAwMDAwMDAwfSwic2NoZW1hX3ZlcnNpb24iOiIxIn0=",
          "dependencies": [
            "aws_security_group.eks_nodes",
            "aws_vpc.this"
          ]
        }
      ]
    },
    {
      "mode": "managed",
      "type": "aws_subnet",
      "name": "private",
      "provider": "provider[\"registry.terraform.io/hashicorp/aws\"]",
      "instances": [
        {
          "index_key": "us-east-1a",
          "schema_version": 1,
          "attributes": {
            "arn": "arn:aws:ec2:us-east-1:968138089668:subnet/subnet-04d03cdc4f43511a8",
            "assign_ipv6_address_on_creation": false,
            "availability_zone": "us-east-1a",
            "availability_zone_id": "use1-az1",
            "cidr_block": "10.20.32.0/20",
            "customer_owned_ipv4_pool": "",
            "enable_dns64": false,
            "enable_lni_at_device_index": 0,
            "enable_resource_name_dns_a_record_on_launch": false,
            "enable_resource_name_dns_aaaa_record_on_launch": false,
            "id": "subnet-04d03cdc4f43511a8",
            "ipv6_cidr_block": "",
            "ipv6_cidr_block_association_id": "",
            "ipv6_native": false,
            "map_customer_owned_ip_on_launch": false,
            "map_public_ip_on_launch": false,
            "outpost_arn": "",
            "owner_id": "968138089668",
            "private_dns_hostname_type_on_launch": "ip-name",
            "tags": {
              "Name": "eshop-private-us-east-1a"
            },
            "tags_all": {
              "ManagedBy": "terraform",
              "Name": "eshop-private-us-east-1a",
              "Project": "eshop"
            },
            "timeouts": null,
            "vpc_id": "vpc-0b70c4390c2ddbc09"
          },
          "sensitive_attributes": [],
          "identity_schema_version": 0,
          "private": "eyJlMmJmYjczMC1lY2FhLTExZTYtOGY4OC0zNDM2M2JjN2M0YzAiOnsiY3JlYXRlIjo2MDAwMDAwMDAwMDAsImRlbGV0ZSI6MTIwMDAwMDAwMDAwMH0sInNjaGVtYV92ZXJzaW9uIjoiMSJ9",
          "dependencies": [
            "aws_vpc.this",
            "data.aws_availability_zones.available"
          ]
        },
        {
          "index_key": "us-east-1b",
          "schema_version": 1,
          "attributes": {
            "arn": "arn:aws:ec2:us-east-1:968138089668:subnet/subnet-059d6bcfdd7127444",
            "assign_ipv6_address_on_creation": false,
            "availability_zone": "us-east-1b",
            "availability_zone_id": "use1-az2",
            "cidr_block": "10.20.48.0/20",
            "customer_owned_ipv4_pool": "",
            "enable_dns64": false,
            "enable_lni_at_device_index": 0,
            "enable_resource_name_dns_a_record_on_launch": false,
            "enable_resource_name_dns_aaaa_record_on_launch": false,
            "id": "subnet-059d6bcfdd7127444",
            "ipv6_cidr_block": "",
            "ipv6_cidr_block_association_id": "",
            "ipv6_native": false,
            "map_customer_owned_ip_on_launch": false,
            "map_public_ip_on_launch": false,
            "outpost_arn": "",
            "owner_id": "968138089668",
            "private_dns_hostname_type_on_launch": "ip-name",
            "tags": {
              "Name": "eshop-private-us-east-1b"
            },
            "tags_all": {
              "ManagedBy": "terraform",
              "Name": "eshop-private-us-east-1b",
              "Project": "eshop"
            },
            "timeouts": null,
            "vpc_id": "vpc-0b70c4390c2ddbc09"
          },
          "sensitive_attributes": [],
          "identity_schema_version": 0,
          "private": "eyJlMmJmYjczMC1lY2FhLTExZTYtOGY4OC0zNDM2M2JjN2M0YzAiOnsiY3JlYXRlIjo2MDAwMDAwMDAwMDAsImRlbGV0ZSI6MTIwMDAwMDAwMDAwMH0sInNjaGVtYV92ZXJzaW9uIjoiMSJ9",
          "dependencies": [
            "aws_vpc.this",
            "data.aws_availability_zones.available"
          ]
        }
      ]
    },
    {
      "mode": "managed",
      "type": "aws_subnet",
      "name": "public",
      "provider": "provider[\"registry.terraform.io/hashicorp/aws\"]",
      "instances": [
        {
          "index_key": "us-east-1a",
          "schema_version": 1,
          "attributes": {
            "arn": "arn:aws:ec2:us-east-1:968138089668:subnet/subnet-0018a08fc54e138b2",
            "assign_ipv6_address_on_creation": false,
            "availability_zone": "us-east-1a",
            "availability_zone_id": "use1-az1",
            "cidr_block": "10.20.0.0/20",
            "customer_owned_ipv4_pool": "",
            "enable_dns64": false,
            "enable_lni_at_device_index": 0,
            "enable_resource_name_dns_a_record_on_launch": false,
            "enable_resource_name_dns_aaaa_record_on_launch": false,
            "id": "subnet-0018a08fc54e138b2",
            "ipv6_cidr_block": "",
            "ipv6_cidr_block_association_id": "",
            "ipv6_native": false,
            "map_customer_owned_ip_on_launch": false,
            "map_public_ip_on_launch": true,
            "outpost_arn": "",
            "owner_id": "968138089668",
            "private_dns_hostname_type_on_launch": "ip-name",
            "tags": {
              "Name": "eshop-public-us-east-1a",
              "kubernetes.io/cluster/eshop-eks": "shared",
              "kubernetes.io/role/elb": "1"
            },
            "tags_all": {
              "ManagedBy": "terraform",
              "Name": "eshop-public-us-east-1a",
              "Project": "eshop",
              "kubernetes.io/cluster/eshop-eks": "shared",
              "kubernetes.io/role/elb": "1"
            },
            "timeouts": null,
            "vpc_id": "vpc-0b70c4390c2ddbc09"
          },
          "sensitive_attributes": [],
          "identity_schema_version": 0,
          "private": "eyJlMmJmYjczMC1lY2FhLTExZTYtOGY4OC0zNDM2M2JjN2M0YzAiOnsiY3JlYXRlIjo2MDAwMDAwMDAwMDAsImRlbGV0ZSI6MTIwMDAwMDAwMDAwMH0sInNjaGVtYV92ZXJzaW9uIjoiMSJ9",
          "dependencies": [
            "aws_vpc.this",
            "data.aws_availability_zones.available"
          ]
        },
        {
          "index_key": "us-east-1b",
          "schema_version": 1,
          "attributes": {
            "arn": "arn:aws:ec2:us-east-1:968138089668:subnet/subnet-01c6a58c86ec1179a",
            "assign_ipv6_address_on_creation": false,
            "availability_zone": "us-east-1b",
            "availability_zone_id": "use1-az2",
            "cidr_block": "10.20.16.0/20",
            "customer_owned_ipv4_pool": "",
            "enable_dns64": false,
            "enable_lni_at_device_index": 0,
            "enable_resource_name_dns_a_record_on_launch": false,
            "enable_resource_name_dns_aaaa_record_on_launch": false,
            "id": "subnet-01c6a58c86ec1179a",
            "ipv6_cidr_block": "",
            "ipv6_cidr_block_association_id": "",
            "ipv6_native": false,
            "map_customer_owned_ip_on_launch": false,
            "map_public_ip_on_launch": true,
            "outpost_arn": "",
            "owner_id": "968138089668",
            "private_dns_hostname_type_on_launch": "ip-name",
            "tags": {
              "Name": "eshop-public-us-east-1b",
              "kubernetes.io/cluster/eshop-eks": "shared",
              "kubernetes.io/role/elb": "1"
            },
            "tags_all": {
              "ManagedBy": "terraform",
              "Name": "eshop-public-us-east-1b",
              "Project": "eshop",
              "kubernetes.io/cluster/eshop-eks": "shared",
              "kubernetes.io/role/elb": "1"
            },
            "timeouts": null,
            "vpc_id": "vpc-0b70c4390c2ddbc09"
          },
          "sensitive_attributes": [],
          "identity_schema_version": 0,
          "private": "eyJlMmJmYjczMC1lY2FhLTExZTYtOGY4OC0zNDM2M2JjN2M0YzAiOnsiY3JlYXRlIjo2MDAwMDAwMDAwMDAsImRlbGV0ZSI6MTIwMDAwMDAwMDAwMH0sInNjaGVtYV92ZXJzaW9uIjoiMSJ9",
          "dependencies": [
            "aws_vpc.this",
            "data.aws_availability_zones.available"
          ]
        }
      ]
    },
    {
      "mode": "managed",
      "type": "aws_vpc",
      "name": "this",
      "provider": "provider[\"registry.terraform.io/hashicorp/aws\"]",
      "instances": [
        {
          "schema_version": 1,
          "attributes": {
            "arn": "arn:aws:ec2:us-east-1:968138089668:vpc/vpc-0b70c4390c2ddbc09",
            "assign_generated_ipv6_cidr_block": false,
            "cidr_block": "10.20.0.0/16",
            "default_network_acl_id": "acl-067a752d694e3b9b7",
            "default_route_table_id": "rtb-07cd443a4cbf73e15",
            "default_security_group_id": "sg-05aa83cca5dc50957",
            "dhcp_options_id": "dopt-0e254692fd67a50b8",
            "enable_dns_hostnames": true,
            "enable_dns_support": true,
            "enable_network_address_usage_metrics": false,
            "id": "vpc-0b70c4390c2ddbc09",
            "instance_tenancy": "default",
            "ipv4_ipam_pool_id": null,
            "ipv4_netmask_length": null,
            "ipv6_association_id": "",
            "ipv6_cidr_block": "",
            "ipv6_cidr_block_network_border_group": "",
            "ipv6_ipam_pool_id": "",
            "ipv6_netmask_length": 0,
            "main_route_table_id": "rtb-07cd443a4cbf73e15",
            "owner_id": "968138089668",
            "tags": {
              "Name": "eshop-vpc"
            },
            "tags_all": {
              "ManagedBy": "terraform",
              "Name": "eshop-vpc",
              "Project": "eshop"
            }
          },
          "sensitive_attributes": [],
          "identity_schema_version": 0,
          "private": "eyJzY2hlbWFfdmVyc2lvbiI6IjEifQ=="
        }
      ]
    },
    {
      "mode": "managed",
      "type": "random_password",
      "name": "postgres",
      "provider": "provider[\"registry.terraform.io/hashicorp/random\"]",
      "instances": [
        {
          "schema_version": 3,
          "attributes": {
            "bcrypt_hash": "$2a$10$oFVqYi9DyE6Z5b9v4ykSXuJBdBvCbvpnJCRBF8PEct/s39UUooYMO",
            "id": "none",
            "keepers": null,
            "length": 24,
            "lower": true,
            "min_lower": 0,
            "min_numeric": 0,
            "min_special": 0,
            "min_upper": 0,
            "number": true,
            "numeric": true,
            "override_special": null,
            "result": "gg\u0026kAm=DZFMpawEvan52S=Dd",
            "special": true,
            "upper": true
          },
          "sensitive_attributes": [
            [
              {
                "type": "get_attr",
                "value": "bcrypt_hash"
              }
            ],
            [
              {
                "type": "get_attr",
                "value": "result"
              }
            ]
          ],
          "identity_schema_version": 0
        }
      ]
    }
  ],
  "check_results": null
}
